
Microsoft Visual Studio Solution File, Format Version 12.00
# Visual Studio 2012
Project("{FAE04EC0-301F-11D3-BF4B-00C04F79EFBC}") = "WebApp.Project.Api", "WebApp.Project.Api\WebApp.Project.Api.csproj", "{12588E72-6625-458B-91D3-3AEAD3D4495F}"
EndProject
Project("{FAE04EC0-301F-11D3-BF4B-00C04F79EFBC}") = "WebApp.Project.Core", "WebApp.Project.Core\WebApp.Project.Core.csproj", "{0437EAFF-852A-4024-A828-4FB450D74ADA}"
EndProject
Global
	GlobalSection(SolutionConfigurationPlatforms) = preSolution
		Debug|Any CPU = Debug|Any CPU
		Release|Any CPU = Release|Any CPU
	EndGlobalSection
	GlobalSection(ProjectConfigurationPlatforms) = postSolution
		{12588E72-6625-458B-91D3-3AEAD3D4495F}.Debug|Any CPU.ActiveCfg = Debug|Any CPU
		{12588E72-6625-458B-91D3-3AEAD3D4495F}.Debug|Any CPU.Build.0 = Debug|Any CPU
		{12588E72-6625-458B-91D3-3AEAD3D4495F}.Release|Any CPU.ActiveCfg = Release|Any CPU
		{12588E72-6625-458B-91D3-3AEAD3D4495F}.Release|Any CPU.Build.0 = Release|Any CPU
		{0437EAFF-852A-4024-A828-4FB450D74ADA}.Debug|Any CPU.ActiveCfg = Debug|Any CPU
		{0437EAFF-852A-4024-A828-4FB450D74ADA}.Debug|Any CPU.Build.0 = Debug|Any CPU
		{0437EAFF-852A-4024-A828-4FB450D74ADA}.Release|Any CPU.ActiveCfg = Release|Any CPU
		{0437EAFF-852A-4024-A828-4FB450D74ADA}.Release|Any CPU.Build.0 = Release|Any CPU
	EndGlobalSection
EndGlobal
